Microsoft Visual Studio Solution File, Format Version 12.00
# Visual Studio Version 16
VisualStudioVersion = 16.0.30224.195
MinimumVisualStudioVersion = 10.0.40219.1
Project("{FAE04EC0-301F-11D3-BF4B-00C04F79EFBC}") = "cqrs-memento-app", "src\cqrs-memento-app.csproj", "{D3A5E1B2-4B6A-4D3C-8B6D-1B3B7D3D5B3D}"
EndProject
Global
    GlobalSection(SolutionConfigurationPlatforms) = preSolution
        Debug|Any CPU = Debug|Any CPU
        Release|Any CPU = Release|Any CPU
    EndGlobalSection
    GlobalSection(ProjectConfigurationPlatforms) = postSolution
        {D3A5E1B2-4B6A-4D3C-8B6D-1B3B7D3D5B3D}.Debug|Any CPU.ActiveCfg = Debug|Any CPU
        {D3A5E1B2-4B6A-4D3C-8B6D-1B3B7D3D5B3D}.Debug|Any CPU.Build.0 = Debug|Any CPU
        {D3A5E1B2-4B6A-4D3C-8B6D-1B3B7D3D5B3D}.Release|Any CPU.ActiveCfg = Release|Any CPU
        {D3A5E1B2-4B6A-4D3C-8B6D-1B3B7D3D5B3D}.Release|Any CPU.Build.0 = Release|Any CPU
    EndGlobalSection
EndGlobal