
Microsoft Visual Studio Solution File, Format Version 12.00
# Visual Studio Version 17
VisualStudioVersion = 17.5.002.0
MinimumVisualStudioVersion = 10.0.40219.1
Project("{9A19103F-16F7-4668-BE54-9A1E7A4F7556}") = "search-algo", "search-algo.csproj", "{1318B96F-9FBB-42CA-A0A6-2A9636BF724F}"
EndProject
Global
	GlobalSection(SolutionConfigurationPlatforms) = preSolution
		Debug|Any CPU = Debug|Any CPU
		Release|Any CPU = Release|Any CPU
	EndGlobalSection
	GlobalSection(ProjectConfigurationPlatforms) = postSolution
		{1318B96F-9FBB-42CA-A0A6-2A9636BF724F}.Debug|Any CPU.ActiveCfg = Debug|Any CPU
		{1318B96F-9FBB-42CA-A0A6-2A9636BF724F}.Debug|Any CPU.Build.0 = Debug|Any CPU
		{1318B96F-9FBB-42CA-A0A6-2A9636BF724F}.Release|Any CPU.ActiveCfg = Release|Any CPU
		{1318B96F-9FBB-42CA-A0A6-2A9636BF724F}.Release|Any CPU.Build.0 = Release|Any CPU
	EndGlobalSection
	GlobalSection(SolutionProperties) = preSolution
		HideSolutionNode = FALSE
	EndGlobalSection
	GlobalSection(ExtensibilityGlobals) = postSolution
		SolutionGuid = {8E2F38D2-EB8C-4A49-B405-02A0FFFC6827}
	EndGlobalSection
EndGlobal
